
Microsoft Visual Studio Solution File, Format Version 12.00
# Visual Studio Version 17
VisualStudioVersion = 17.4.33213.308
MinimumVisualStudioVersion = 10.0.40219.1
Project("{FAE04EC0-301F-11D3-BF4B-00C04F79EFBC}") = "klavyeden-girilen-2-sayıyı-toplayan-uygulama", "klavyeden-girilen-2-sayıyı-toplayan-uygulama.csproj", "{97880296-9BA4-463C-AC40-36CD4E2D92A4}"
EndProject
Global
	GlobalSection(SolutionConfigurationPlatforms) = preSolution
		Debug|Any CPU = Debug|Any CPU
		Release|Any CPU = Release|Any CPU
	EndGlobalSection
	GlobalSection(ProjectConfigurationPlatforms) = postSolution
		{97880296-9BA4-463C-AC40-36CD4E2D92A4}.Debug|Any CPU.ActiveCfg = Debug|Any CPU
		{97880296-9BA4-463C-AC40-36CD4E2D92A4}.Debug|Any CPU.Build.0 = Debug|Any CPU
		{97880296-9BA4-463C-AC40-36CD4E2D92A4}.Release|Any CPU.ActiveCfg = Release|Any CPU
		{97880296-9BA4-463C-AC40-36CD4E2D92A4}.Release|Any CPU.Build.0 = Release|Any CPU
	EndGlobalSection
	GlobalSection(SolutionProperties) = preSolution
		HideSolutionNode = FALSE
	EndGlobalSection
	GlobalSection(ExtensibilityGlobals) = postSolution
		SolutionGuid = {A9DABD1E-D0B3-4387-A37D-E5581B1EEB82}
	EndGlobalSection
EndGlobal
